
Microsoft Visual Studio Solution File, Format Version 12.00
# Visual Studio Version 16
VisualStudioVersion = 16.0.30804.86
MinimumVisualStudioVersion = 10.0.40219.1
Project("{FAE04EC0-301F-11D3-BF4B-00C04F79EFBC}") = "RestWithASPNET", "RestWithASPNET\RestWithASPNET.csproj", "{FD4B8B68-D67B-4BAA-AE0C-6B5B6EE3CFB5}"
EndProject
Global
	GlobalSection(SolutionConfigurationPlatforms) = preSolution
		Debug|Any CPU = Debug|Any CPU
		Release|Any CPU = Release|Any CPU
	EndGlobalSection
	GlobalSection(ProjectConfigurationPlatforms) = postSolution
		{FD4B8B68-D67B-4BAA-AE0C-6B5B6EE3CFB5}.Debug|Any CPU.ActiveCfg = Debug|Any CPU
		{FD4B8B68-D67B-4BAA-AE0C-6B5B6EE3CFB5}.Debug|Any CPU.Build.0 = Debug|Any CPU
		{FD4B8B68-D67B-4BAA-AE0C-6B5B6EE3CFB5}.Release|Any CPU.ActiveCfg = Release|Any CPU
		{FD4B8B68-D67B-4BAA-AE0C-6B5B6EE3CFB5}.Release|Any CPU.Build.0 = Release|Any CPU
	EndGlobalSection
	GlobalSection(SolutionProperties) = preSolution
		HideSolutionNode = FALSE
	EndGlobalSection
	GlobalSection(ExtensibilityGlobals) = postSolution
		SolutionGuid = {B4C632B8-A08F-45C5-BDC2-8A5AB5885BD1}
	EndGlobalSection
EndGlobal
